# THIS IS AN AUTOGENERATED FILE. DO NOT EDIT THIS FILE DIRECTLY.
# yarn lockfile v1


"@empirica/admin@^1.0.0-alpha.2":
  version "1.0.0-alpha.2"
  resolved "https://registry.yarnpkg.com/@empirica/admin/-/admin-1.0.0-alpha.2.tgz#0af5440b294f6a96a8f90d2072f91bb04c36aa94"
  integrity sha512-btSshS8CDd8nFGvyiU4+mP4D2MGvJhDI63jYnrsYVVE1ou0YCxTBFWhqqyfuzlPTqluHgytrZQqf9k7ppIO8aA==
  dependencies:
    events "^3.3.0"

events@^3.3.0:
  version "3.3.0"
  resolved "https://registry.yarnpkg.com/events/-/events-3.3.0.tgz#31a95ad0a924e2d2c419a813aeb2c4e878ea7400"
  integrity sha512-mQw+2fkQbALzQ7V0MY0IqdnXNOeTtP4r0lN9z7AAawCXgqea7bDii20AYrIBrFd/Hx0M2Ocz6S111CaFkUcb0Q==

minimist@1.2.5:
  version "1.2.5"
  resolved "https://registry.yarnpkg.com/minimist/-/minimist-1.2.5.tgz#67d66014b66a6a8aaa0c083c5fd58df4e4e97602"
  integrity sha512-FM9nNUYrRBAELZQT3xeZQ7fmMOBg6nWNmJKTcgsJeaLstP/UODVpGsr5OhXhhXg6f+qtJ8uiZ+PUxkDWcgIXLw==

rand-seed@1.0.1:
  version "1.0.1"
  resolved "https://registry.yarnpkg.com/rand-seed/-/rand-seed-1.0.1.tgz#f48c134890e0bc3725c5b6c99bc8a53fba8e0e9b"
  integrity sha512-g7uUh6C01OTozmt/ZqmzY8dTPW06je4aEiVp/8Hv213vMySW4usQFMvNiaDp5Vw0i7oZYl0zpao2YuUvvSjIkA==
