# THIS IS AN AUTOGENERATED FILE. DO NOT EDIT THIS FILE DIRECTLY.
# yarn lockfile v1


minimist@1.2.5:
  version "1.2.5"
  resolved "https://registry.yarnpkg.com/minimist/-/minimist-1.2.5.tgz#67d66014b66a6a8aaa0c083c5fd58df4e4e97602"
  integrity sha512-FM9nNUYrRBAELZQT3xeZQ7fmMOBg6nWNmJKTcgsJeaLstP/UODVpGsr5OhXhhXg6f+qtJ8uiZ+PUxkDWcgIXLw==

rand-seed@1.0.1:
  version "1.0.1"
  resolved "https://registry.yarnpkg.com/rand-seed/-/rand-seed-1.0.1.tgz#f48c134890e0bc3725c5b6c99bc8a53fba8e0e9b"
  integrity sha512-g7uUh6C01OTozmt/ZqmzY8dTPW06je4aEiVp/8Hv213vMySW4usQFMvNiaDp5Vw0i7oZYl0zpao2YuUvvSjIkA==
